<?xml version="1.0" encoding="utf-8"?>
<Project ToolsVersion="4.0" xmlns="http://schemas.microsoft.com/developer/msbuild/2003">
  <ItemGroup>
    <ClCompile Include="src\main.cpp">
      <Filter>src</Filter>
    </ClCompile>
    <ClCompile Include="src\application.cpp">
      <Filter>src</Filter>
    </ClCompile>
    <ClCompile Include="src\Gui\baseGui.cpp">
      <Filter>src\Gui</Filter>
    </ClCompile>
    <ClCompile Include="src\Gui\cameraGui.cpp">
      <Filter>src\Gui</Filter>
    </ClCompile>
    <ClCompile Include="src\Gui\gui.cpp">
      <Filter>src\Gui</Filter>
    </ClCompile>
    <ClCompile Include="src\Gui\multiTransformGui.cpp">
      <Filter>src\Gui</Filter>
    </ClCompile>
    <ClCompile Include="src\Gui\transformGui.cpp">
      <Filter>src\Gui</Filter>
    </ClCompile>
    <ClCompile Include="src\main.cpp">
      <Filter>src</Filter>
    </ClCompile>
    <ClCompile Include="src\Objects\baseObject.cpp">
      <Filter>src\Objects</Filter>
    </ClCompile>
    <ClCompile Include="src\Objects\Light\ambiantlight.cpp">
      <Filter>src\Objects\Light</Filter>
    </ClCompile>
    <ClCompile Include="src\Objects\Light\directionallight.cpp">
      <Filter>src\Objects\Light</Filter>
    </ClCompile>
    <ClCompile Include="src\Objects\Light\light.cpp">
      <Filter>src\Objects\Light</Filter>
    </ClCompile>
    <ClCompile Include="src\Objects\Light\pointlight.cpp">
      <Filter>src\Objects\Light</Filter>
    </ClCompile>
    <ClCompile Include="src\Objects\Light\spotlight.cpp">
      <Filter>src\Objects\Light</Filter>
    </ClCompile>
    <ClCompile Include="src\Objects\Object2d\Cursor\cursor.cpp">
      <Filter>src\Objects\Object2d\Cursor</Filter>
    </ClCompile>
    <ClCompile Include="src\Objects\Object2d\image.cpp">
      <Filter>src\Objects\Object2d</Filter>
    </ClCompile>
    <ClCompile Include="src\Objects\Object2d\lemniscateProceduralImage.cpp">
      <Filter>src\Objects\Object2d</Filter>
    </ClCompile>
    <ClCompile Include="src\Objects\Object2d\Primitive\circle.cpp">
      <Filter>src\Objects\Object2d\Primitive</Filter>
    </ClCompile>
    <ClCompile Include="src\Objects\Object2d\Primitive\FormeVectorielle.cpp">
      <Filter>src\Objects\Object2d\Primitive</Filter>
    </ClCompile>
    <ClCompile Include="src\Objects\Object2d\Primitive\geometryShader.cpp">
      <Filter>src\Objects\Object2d\Primitive</Filter>
    </ClCompile>
    <ClCompile Include="src\Objects\Object2d\Primitive\line.cpp">
      <Filter>src\Objects\Object2d\Primitive</Filter>
    </ClCompile>
    <ClCompile Include="src\Objects\Object2d\Primitive\primitive.cpp">
      <Filter>src\Objects\Object2d\Primitive</Filter>
    </ClCompile>
    <ClCompile Include="src\Objects\Object2d\Primitive\rect.cpp">
      <Filter>src\Objects\Object2d\Primitive</Filter>
    </ClCompile>
    <ClCompile Include="src\Objects\Object3d\base3dObject.cpp">
      <Filter>src\Objects\Object3d</Filter>
    </ClCompile>
    <ClCompile Include="src\Objects\Object3d\Beziers\cubic.cpp">
      <Filter>src\Objects\Object3d\Beziers</Filter>
    </ClCompile>
    <ClCompile Include="src\Objects\Object3d\Beziers\hermite.cpp">
      <Filter>src\Objects\Object3d\Beziers</Filter>
    </ClCompile>
    <ClCompile Include="src\Objects\Object3d\Beziers\quadratic.cpp">
      <Filter>src\Objects\Object3d\Beziers</Filter>
    </ClCompile>
    <ClCompile Include="src\Objects\Object3d\box.cpp">
      <Filter>src\Objects\Object3d</Filter>
    </ClCompile>
    <ClCompile Include="src\Objects\Object3d\cubemap.cpp">
      <Filter>src\Objects\Object3d</Filter>
    </ClCompile>
    <ClCompile Include="src\Objects\Object3d\modelObj.cpp">
      <Filter>src\Objects\Object3d</Filter>
    </ClCompile>
    <ClCompile Include="src\Objects\Object3d\octahedre.cpp">
      <Filter>src\Objects\Object3d</Filter>
    </ClCompile>
    <ClCompile Include="src\Objects\Object3d\particleSystem.cpp">
      <Filter>src\Objects\Object3d</Filter>
    </ClCompile>
    <ClCompile Include="src\Objects\Object3d\sphere.cpp">
      <Filter>src\Objects\Object3d</Filter>
    </ClCompile>
    <ClCompile Include="src\Objects\Object3d\Splines\bspline.cpp">
      <Filter>src\Objects\Object3d\Splines</Filter>
    </ClCompile>
    <ClCompile Include="src\Objects\Object3d\Surfaces\surface.cpp">
      <Filter>src\Objects\Object3d\Surfaces</Filter>
    </ClCompile>
    <ClCompile Include="src\ofxGuiAddons\ofxInputField.cpp">
      <Filter>src\ofxGuiAddons</Filter>
    </ClCompile>
    <ClCompile Include="src\renderer.cpp">
      <Filter>src</Filter>
    </ClCompile>
    <ClCompile Include="..\..\..\..\addons\ofxAssimpModelLoader\src\ofxAssimpAnimation.cpp">
      <Filter>addons\ofxAssimpModelLoader\src</Filter>
    </ClCompile>
    <ClCompile Include="..\..\..\..\addons\ofxAssimpModelLoader\src\ofxAssimpMeshHelper.cpp">
      <Filter>addons\ofxAssimpModelLoader\src</Filter>
    </ClCompile>
    <ClCompile Include="..\..\..\..\addons\ofxAssimpModelLoader\src\ofxAssimpModelLoader.cpp">
      <Filter>addons\ofxAssimpModelLoader\src</Filter>
    </ClCompile>
    <ClCompile Include="..\..\..\..\addons\ofxAssimpModelLoader\src\ofxAssimpTexture.cpp">
      <Filter>addons\ofxAssimpModelLoader\src</Filter>
    </ClCompile>
    <ClCompile Include="..\..\..\..\addons\ofxCubeMap\src\ofxCubeMap.cpp">
      <Filter>addons\ofxCubeMap\src</Filter>
    </ClCompile>
    <ClCompile Include="..\..\..\..\addons\ofxGui\src\ofxBaseGui.cpp">
      <Filter>addons\ofxGui\src</Filter>
    </ClCompile>
    <ClCompile Include="..\..\..\..\addons\ofxGui\src\ofxButton.cpp">
      <Filter>addons\ofxGui\src</Filter>
    </ClCompile>
    <ClCompile Include="..\..\..\..\addons\ofxGui\src\ofxGuiGroup.cpp">
      <Filter>addons\ofxGui\src</Filter>
    </ClCompile>
    <ClCompile Include="..\..\..\..\addons\ofxGui\src\ofxLabel.cpp">
      <Filter>addons\ofxGui\src</Filter>
    </ClCompile>
    <ClCompile Include="..\..\..\..\addons\ofxGui\src\ofxPanel.cpp">
      <Filter>addons\ofxGui\src</Filter>
    </ClCompile>
    <ClCompile Include="..\..\..\..\addons\ofxGui\src\ofxSlider.cpp">
      <Filter>addons\ofxGui\src</Filter>
    </ClCompile>
    <ClCompile Include="..\..\..\..\addons\ofxGui\src\ofxSliderGroup.cpp">
      <Filter>addons\ofxGui\src</Filter>
    </ClCompile>
    <ClCompile Include="..\..\..\..\addons\ofxGui\src\ofxToggle.cpp">
      <Filter>addons\ofxGui\src</Filter>
    </ClCompile>
  </ItemGroup>
  <ItemGroup>
    <Filter Include="src">
      <UniqueIdentifier>{d8376475-7454-4a24-b08a-aac121d3ad6f}</UniqueIdentifier>
    </Filter>
    <Filter Include="src\Gui">
      <UniqueIdentifier>{4D2EE703-9648-0E19-4CF7-A84C}</UniqueIdentifier>
    </Filter>
    <Filter Include="src\Objects">
      <UniqueIdentifier>{0E53D128-FDAA-4140-1151-F6CB}</UniqueIdentifier>
    </Filter>
    <Filter Include="src\Objects\Light">
      <UniqueIdentifier>{1DE03AEC-4FBA-AA91-8F87-884A}</UniqueIdentifier>
    </Filter>
    <Filter Include="src\Objects\Object2d">
      <UniqueIdentifier>{2F5C8110-4571-9252-7CE0-8F0E}</UniqueIdentifier>
    </Filter>
    <Filter Include="src\Objects\Object2d\Cursor">
      <UniqueIdentifier>{A6B2AA9F-7CAE-31E2-8AF2-2DB4}</UniqueIdentifier>
    </Filter>
    <Filter Include="src\Objects\Object2d\Primitive">
      <UniqueIdentifier>{B18D73F4-AB8F-4AC1-1139-1737}</UniqueIdentifier>
    </Filter>
    <Filter Include="src\Objects\Object3d">
      <UniqueIdentifier>{C49F8A24-492B-8DB7-8294-B8D9}</UniqueIdentifier>
    </Filter>
    <Filter Include="src\Objects\Object3d\Beziers">
      <UniqueIdentifier>{1B076637-6F45-9429-5F63-56C7}</UniqueIdentifier>
    </Filter>
    <Filter Include="src\Objects\Object3d\Splines">
      <UniqueIdentifier>{6AB219F5-3FFD-2F83-FBFF-7180}</UniqueIdentifier>
    </Filter>
    <Filter Include="src\Objects\Object3d\Surfaces">
      <UniqueIdentifier>{E0FF485E-6820-C441-F51A-23F5}</UniqueIdentifier>
    </Filter>
    <Filter Include="src\ofxGuiAddons">
      <UniqueIdentifier>{314AE252-C9F8-F1D9-E192-E287}</UniqueIdentifier>
    </Filter>
    <Filter Include="addons">
      <UniqueIdentifier>{71834F65-F3A9-211E-73B8-DC85}</UniqueIdentifier>
    </Filter>
    <Filter Include="addons\ofxAssimpModelLoader">
      <UniqueIdentifier>{DE65D9F7-840A-CD0A-A555-EA3B}</UniqueIdentifier>
    </Filter>
    <Filter Include="addons\ofxAssimpModelLoader\src">
      <UniqueIdentifier>{B84008DC-4B5E-271B-05DA-D8C8}</UniqueIdentifier>
    </Filter>
    <Filter Include="addons\ofxAssimpModelLoader\libs">
      <UniqueIdentifier>{3D854F79-FA4A-75FA-FC0A-2B25}</UniqueIdentifier>
    </Filter>
    <Filter Include="addons\ofxAssimpModelLoader\libs\assimp">
      <UniqueIdentifier>{FE8B5295-D3A7-B9CD-89C9-2613}</UniqueIdentifier>
    </Filter>
    <Filter Include="addons\ofxAssimpModelLoader\libs\assimp\include">
      <UniqueIdentifier>{EDC34C4F-5D44-FB76-337E-EE48}</UniqueIdentifier>
    </Filter>
    <Filter Include="addons\ofxAssimpModelLoader\libs\assimp\include\assimp">
      <UniqueIdentifier>{E66BABFA-76A1-EB8D-40FF-B940}</UniqueIdentifier>
    </Filter>
    <Filter Include="addons\ofxAssimpModelLoader\libs\assimp\include\assimp\Compiler">
      <UniqueIdentifier>{A0C31C2E-6C01-8850-3B72-C818}</UniqueIdentifier>
    </Filter>
    <Filter Include="addons\ofxCubeMap">
      <UniqueIdentifier>{B9D17F6C-2369-3D35-A736-1A4B}</UniqueIdentifier>
    </Filter>
    <Filter Include="addons\ofxCubeMap\src">
      <UniqueIdentifier>{1C1CC97B-FE16-22FF-3F9F-B9FD}</UniqueIdentifier>
    </Filter>
    <Filter Include="addons\ofxGui">
      <UniqueIdentifier>{4F2A59AF-5F4E-704B-D067-EC13}</UniqueIdentifier>
    </Filter>
    <Filter Include="addons\ofxGui\src">
      <UniqueIdentifier>{645E9533-4DCD-6179-1CDF-CB65}</UniqueIdentifier>
    </Filter>
  </ItemGroup>
  <ItemGroup>
    <ClInclude Include="src\application.h">
      <Filter>src</Filter>
    </ClInclude>
    <ClInclude Include="src\Gui\baseGui.h">
      <Filter>src\Gui</Filter>
    </ClInclude>
    <ClInclude Include="src\Gui\cameraGui.h">
      <Filter>src\Gui</Filter>
    </ClInclude>
    <ClInclude Include="src\Gui\gui.h">
      <Filter>src\Gui</Filter>
    </ClInclude>
    <ClInclude Include="src\Gui\multiTransformGui.h">
      <Filter>src\Gui</Filter>
    </ClInclude>
    <ClInclude Include="src\Gui\transformGui.h">
      <Filter>src\Gui</Filter>
    </ClInclude>
    <ClInclude Include="src\Objects\baseObject.h">
      <Filter>src\Objects</Filter>
    </ClInclude>
    <ClInclude Include="src\Objects\Light\ambiantlight.h">
      <Filter>src\Objects\Light</Filter>
    </ClInclude>
    <ClInclude Include="src\Objects\Light\directionallight.h">
      <Filter>src\Objects\Light</Filter>
    </ClInclude>
    <ClInclude Include="src\Objects\Light\light.h">
      <Filter>src\Objects\Light</Filter>
    </ClInclude>
    <ClInclude Include="src\Objects\Light\pointlight.h">
      <Filter>src\Objects\Light</Filter>
    </ClInclude>
    <ClInclude Include="src\Objects\Light\spotlight.h">
      <Filter>src\Objects\Light</Filter>
    </ClInclude>
    <ClInclude Include="src\Objects\Object2d\Cursor\cursor.h">
      <Filter>src\Objects\Object2d\Cursor</Filter>
    </ClInclude>
    <ClInclude Include="src\Objects\Object2d\image.h">
      <Filter>src\Objects\Object2d</Filter>
    </ClInclude>
    <ClInclude Include="src\Objects\Object2d\lemniscateProceduralImage.h">
      <Filter>src\Objects\Object2d</Filter>
    </ClInclude>
    <ClInclude Include="src\Objects\Object2d\Primitive\circle.h">
      <Filter>src\Objects\Object2d\Primitive</Filter>
    </ClInclude>
    <ClInclude Include="src\Objects\Object2d\Primitive\FormeVectorielle.h">
      <Filter>src\Objects\Object2d\Primitive</Filter>
    </ClInclude>
    <ClInclude Include="src\Objects\Object2d\Primitive\geometryShader.h">
      <Filter>src\Objects\Object2d\Primitive</Filter>
    </ClInclude>
    <ClInclude Include="src\Objects\Object2d\Primitive\line.h">
      <Filter>src\Objects\Object2d\Primitive</Filter>
    </ClInclude>
    <ClInclude Include="src\Objects\Object2d\Primitive\primitive.h">
      <Filter>src\Objects\Object2d\Primitive</Filter>
    </ClInclude>
    <ClInclude Include="src\Objects\Object2d\Primitive\rect.h">
      <Filter>src\Objects\Object2d\Primitive</Filter>
    </ClInclude>
    <ClInclude Include="src\Objects\Object3d\base3dObject.h">
      <Filter>src\Objects\Object3d</Filter>
    </ClInclude>
    <ClInclude Include="src\Objects\Object3d\Beziers\cubic.h">
      <Filter>src\Objects\Object3d\Beziers</Filter>
    </ClInclude>
    <ClInclude Include="src\Objects\Object3d\Beziers\hermite.h">
      <Filter>src\Objects\Object3d\Beziers</Filter>
    </ClInclude>
    <ClInclude Include="src\Objects\Object3d\Beziers\quadratic.h">
      <Filter>src\Objects\Object3d\Beziers</Filter>
    </ClInclude>
    <ClInclude Include="src\Objects\Object3d\box.h">
      <Filter>src\Objects\Object3d</Filter>
    </ClInclude>
    <ClInclude Include="src\Objects\Object3d\cubemap.h">
      <Filter>src\Objects\Object3d</Filter>
    </ClInclude>
    <ClInclude Include="src\Objects\Object3d\modelObj.h">
      <Filter>src\Objects\Object3d</Filter>
    </ClInclude>
    <ClInclude Include="src\Objects\Object3d\octahedre.h">
      <Filter>src\Objects\Object3d</Filter>
    </ClInclude>
    <ClInclude Include="src\Objects\Object3d\particleSystem.h">
      <Filter>src\Objects\Object3d</Filter>
    </ClInclude>
    <ClInclude Include="src\Objects\Object3d\sphere.h">
      <Filter>src\Objects\Object3d</Filter>
    </ClInclude>
    <ClInclude Include="src\Objects\Object3d\Splines\bspline.h">
      <Filter>src\Objects\Object3d\Splines</Filter>
    </ClInclude>
    <ClInclude Include="src\Objects\Object3d\Surfaces\surface.h">
      <Filter>src\Objects\Object3d\Surfaces</Filter>
    </ClInclude>
    <ClInclude Include="src\ofxGuiAddons\ofxInputField.h">
      <Filter>src\ofxGuiAddons</Filter>
    </ClInclude>
    <ClInclude Include="src\renderer.h">
      <Filter>src</Filter>
    </ClInclude>
    <ClInclude Include="..\..\..\..\addons\ofxAssimpModelLoader\src\ofxAssimpAnimation.h">
      <Filter>addons\ofxAssimpModelLoader\src</Filter>
    </ClInclude>
    <ClInclude Include="..\..\..\..\addons\ofxAssimpModelLoader\src\ofxAssimpMeshHelper.h">
      <Filter>addons\ofxAssimpModelLoader\src</Filter>
    </ClInclude>
    <ClInclude Include="..\..\..\..\addons\ofxAssimpModelLoader\src\ofxAssimpModelLoader.h">
      <Filter>addons\ofxAssimpModelLoader\src</Filter>
    </ClInclude>
    <ClInclude Include="..\..\..\..\addons\ofxAssimpModelLoader\src\ofxAssimpTexture.h">
      <Filter>addons\ofxAssimpModelLoader\src</Filter>
    </ClInclude>
    <ClInclude Include="..\..\..\..\addons\ofxAssimpModelLoader\src\ofxAssimpUtils.h">
      <Filter>addons\ofxAssimpModelLoader\src</Filter>
    </ClInclude>
    <ClInclude Include="..\..\..\..\addons\ofxAssimpModelLoader\libs\assimp\include\assimp\ai_assert.h">
      <Filter>addons\ofxAssimpModelLoader\libs\assimp\include\assimp</Filter>
    </ClInclude>
    <ClInclude Include="..\..\..\..\addons\ofxAssimpModelLoader\libs\assimp\include\assimp\anim.h">
      <Filter>addons\ofxAssimpModelLoader\libs\assimp\include\assimp</Filter>
    </ClInclude>
    <ClInclude Include="..\..\..\..\addons\ofxAssimpModelLoader\libs\assimp\include\assimp\camera.h">
      <Filter>addons\ofxAssimpModelLoader\libs\assimp\include\assimp</Filter>
    </ClInclude>
    <ClInclude Include="..\..\..\..\addons\ofxAssimpModelLoader\libs\assimp\include\assimp\cexport.h">
      <Filter>addons\ofxAssimpModelLoader\libs\assimp\include\assimp</Filter>
    </ClInclude>
    <ClInclude Include="..\..\..\..\addons\ofxAssimpModelLoader\libs\assimp\include\assimp\cfileio.h">
      <Filter>addons\ofxAssimpModelLoader\libs\assimp\include\assimp</Filter>
    </ClInclude>
    <ClInclude Include="..\..\..\..\addons\ofxAssimpModelLoader\libs\assimp\include\assimp\cimport.h">
      <Filter>addons\ofxAssimpModelLoader\libs\assimp\include\assimp</Filter>
    </ClInclude>
    <ClInclude Include="..\..\..\..\addons\ofxAssimpModelLoader\libs\assimp\include\assimp\color4.h">
      <Filter>addons\ofxAssimpModelLoader\libs\assimp\include\assimp</Filter>
    </ClInclude>
    <ClInclude Include="..\..\..\..\addons\ofxAssimpModelLoader\libs\assimp\include\assimp\Compiler\poppack1.h">
      <Filter>addons\ofxAssimpModelLoader\libs\assimp\include\assimp\Compiler</Filter>
    </ClInclude>
    <ClInclude Include="..\..\..\..\addons\ofxAssimpModelLoader\libs\assimp\include\assimp\Compiler\pstdint.h">
      <Filter>addons\ofxAssimpModelLoader\libs\assimp\include\assimp\Compiler</Filter>
    </ClInclude>
    <ClInclude Include="..\..\..\..\addons\ofxAssimpModelLoader\libs\assimp\include\assimp\Compiler\pushpack1.h">
      <Filter>addons\ofxAssimpModelLoader\libs\assimp\include\assimp\Compiler</Filter>
    </ClInclude>
    <ClInclude Include="..\..\..\..\addons\ofxAssimpModelLoader\libs\assimp\include\assimp\config.h">
      <Filter>addons\ofxAssimpModelLoader\libs\assimp\include\assimp</Filter>
    </ClInclude>
    <ClInclude Include="..\..\..\..\addons\ofxAssimpModelLoader\libs\assimp\include\assimp\DefaultLogger.hpp">
      <Filter>addons\ofxAssimpModelLoader\libs\assimp\include\assimp</Filter>
    </ClInclude>
    <ClInclude Include="..\..\..\..\addons\ofxAssimpModelLoader\libs\assimp\include\assimp\defs.h">
      <Filter>addons\ofxAssimpModelLoader\libs\assimp\include\assimp</Filter>
    </ClInclude>
    <ClInclude Include="..\..\..\..\addons\ofxAssimpModelLoader\libs\assimp\include\assimp\Exporter.hpp">
      <Filter>addons\ofxAssimpModelLoader\libs\assimp\include\assimp</Filter>
    </ClInclude>
    <ClInclude Include="..\..\..\..\addons\ofxAssimpModelLoader\libs\assimp\include\assimp\Importer.hpp">
      <Filter>addons\ofxAssimpModelLoader\libs\assimp\include\assimp</Filter>
    </ClInclude>
    <ClInclude Include="..\..\..\..\addons\ofxAssimpModelLoader\libs\assimp\include\assimp\importerdesc.h">
      <Filter>addons\ofxAssimpModelLoader\libs\assimp\include\assimp</Filter>
    </ClInclude>
    <ClInclude Include="..\..\..\..\addons\ofxAssimpModelLoader\libs\assimp\include\assimp\IOStream.hpp">
      <Filter>addons\ofxAssimpModelLoader\libs\assimp\include\assimp</Filter>
    </ClInclude>
    <ClInclude Include="..\..\..\..\addons\ofxAssimpModelLoader\libs\assimp\include\assimp\IOSystem.hpp">
      <Filter>addons\ofxAssimpModelLoader\libs\assimp\include\assimp</Filter>
    </ClInclude>
    <ClInclude Include="..\..\..\..\addons\ofxAssimpModelLoader\libs\assimp\include\assimp\light.h">
      <Filter>addons\ofxAssimpModelLoader\libs\assimp\include\assimp</Filter>
    </ClInclude>
    <ClInclude Include="..\..\..\..\addons\ofxAssimpModelLoader\libs\assimp\include\assimp\Logger.hpp">
      <Filter>addons\ofxAssimpModelLoader\libs\assimp\include\assimp</Filter>
    </ClInclude>
    <ClInclude Include="..\..\..\..\addons\ofxAssimpModelLoader\libs\assimp\include\assimp\LogStream.hpp">
      <Filter>addons\ofxAssimpModelLoader\libs\assimp\include\assimp</Filter>
    </ClInclude>
    <ClInclude Include="..\..\..\..\addons\ofxAssimpModelLoader\libs\assimp\include\assimp\material.h">
      <Filter>addons\ofxAssimpModelLoader\libs\assimp\include\assimp</Filter>
    </ClInclude>
    <ClInclude Include="..\..\..\..\addons\ofxAssimpModelLoader\libs\assimp\include\assimp\matrix3x3.h">
      <Filter>addons\ofxAssimpModelLoader\libs\assimp\include\assimp</Filter>
    </ClInclude>
    <ClInclude Include="..\..\..\..\addons\ofxAssimpModelLoader\libs\assimp\include\assimp\matrix4x4.h">
      <Filter>addons\ofxAssimpModelLoader\libs\assimp\include\assimp</Filter>
    </ClInclude>
    <ClInclude Include="..\..\..\..\addons\ofxAssimpModelLoader\libs\assimp\include\assimp\mesh.h">
      <Filter>addons\ofxAssimpModelLoader\libs\assimp\include\assimp</Filter>
    </ClInclude>
    <ClInclude Include="..\..\..\..\addons\ofxAssimpModelLoader\libs\assimp\include\assimp\metadata.h">
      <Filter>addons\ofxAssimpModelLoader\libs\assimp\include\assimp</Filter>
    </ClInclude>
    <ClInclude Include="..\..\..\..\addons\ofxAssimpModelLoader\libs\assimp\include\assimp\NullLogger.hpp">
      <Filter>addons\ofxAssimpModelLoader\libs\assimp\include\assimp</Filter>
    </ClInclude>
    <ClInclude Include="..\..\..\..\addons\ofxAssimpModelLoader\libs\assimp\include\assimp\postprocess.h">
      <Filter>addons\ofxAssimpModelLoader\libs\assimp\include\assimp</Filter>
    </ClInclude>
    <ClInclude Include="..\..\..\..\addons\ofxAssimpModelLoader\libs\assimp\include\assimp\ProgressHandler.hpp">
      <Filter>addons\ofxAssimpModelLoader\libs\assimp\include\assimp</Filter>
    </ClInclude>
    <ClInclude Include="..\..\..\..\addons\ofxAssimpModelLoader\libs\assimp\include\assimp\quaternion.h">
      <Filter>addons\ofxAssimpModelLoader\libs\assimp\include\assimp</Filter>
    </ClInclude>
    <ClInclude Include="..\..\..\..\addons\ofxAssimpModelLoader\libs\assimp\include\assimp\scene.h">
      <Filter>addons\ofxAssimpModelLoader\libs\assimp\include\assimp</Filter>
    </ClInclude>
    <ClInclude Include="..\..\..\..\addons\ofxAssimpModelLoader\libs\assimp\include\assimp\texture.h">
      <Filter>addons\ofxAssimpModelLoader\libs\assimp\include\assimp</Filter>
    </ClInclude>
    <ClInclude Include="..\..\..\..\addons\ofxAssimpModelLoader\libs\assimp\include\assimp\types.h">
      <Filter>addons\ofxAssimpModelLoader\libs\assimp\include\assimp</Filter>
    </ClInclude>
    <ClInclude Include="..\..\..\..\addons\ofxAssimpModelLoader\libs\assimp\include\assimp\vector2.h">
      <Filter>addons\ofxAssimpModelLoader\libs\assimp\include\assimp</Filter>
    </ClInclude>
    <ClInclude Include="..\..\..\..\addons\ofxAssimpModelLoader\libs\assimp\include\assimp\vector3.h">
      <Filter>addons\ofxAssimpModelLoader\libs\assimp\include\assimp</Filter>
    </ClInclude>
    <ClInclude Include="..\..\..\..\addons\ofxAssimpModelLoader\libs\assimp\include\assimp\version.h">
      <Filter>addons\ofxAssimpModelLoader\libs\assimp\include\assimp</Filter>
    </ClInclude>
    <ClInclude Include="..\..\..\..\addons\ofxCubeMap\src\ofxCubeMap.h">
      <Filter>addons\ofxCubeMap\src</Filter>
    </ClInclude>
    <ClInclude Include="..\..\..\..\addons\ofxGui\src\ofxBaseGui.h">
      <Filter>addons\ofxGui\src</Filter>
    </ClInclude>
    <ClInclude Include="..\..\..\..\addons\ofxGui\src\ofxButton.h">
      <Filter>addons\ofxGui\src</Filter>
    </ClInclude>
    <ClInclude Include="..\..\..\..\addons\ofxGui\src\ofxGui.h">
      <Filter>addons\ofxGui\src</Filter>
    </ClInclude>
    <ClInclude Include="..\..\..\..\addons\ofxGui\src\ofxGuiGroup.h">
      <Filter>addons\ofxGui\src</Filter>
    </ClInclude>
    <ClInclude Include="..\..\..\..\addons\ofxGui\src\ofxLabel.h">
      <Filter>addons\ofxGui\src</Filter>
    </ClInclude>
    <ClInclude Include="..\..\..\..\addons\ofxGui\src\ofxPanel.h">
      <Filter>addons\ofxGui\src</Filter>
    </ClInclude>
    <ClInclude Include="..\..\..\..\addons\ofxGui\src\ofxSlider.h">
      <Filter>addons\ofxGui\src</Filter>
    </ClInclude>
    <ClInclude Include="..\..\..\..\addons\ofxGui\src\ofxSliderGroup.h">
      <Filter>addons\ofxGui\src</Filter>
    </ClInclude>
    <ClInclude Include="..\..\..\..\addons\ofxGui\src\ofxToggle.h">
      <Filter>addons\ofxGui\src</Filter>
    </ClInclude>
  </ItemGroup>
  <ItemGroup>
    <ResourceCompile Include="icon.rc" />
  </ItemGroup>
</Project>